
Microsoft Visual Studio Solution File, Format Version 12.00
# Visual Studio Version 16
VisualStudioVersion = 16.0.30611.23
MinimumVisualStudioVersion = 10.0.40219.1
Project("{FAE04EC0-301F-11D3-BF4B-00C04F79EFBC}") = "MessangerApp", "MessangerApp.csproj", "{91592E54-F4D5-40D9-84F9-2A8610CBD20E}"
EndProject
Global
	GlobalSection(SolutionConfigurationPlatforms) = preSolution
		Debug|Any CPU = Debug|Any CPU
		Release|Any CPU = Release|Any CPU
	EndGlobalSection
	GlobalSection(ProjectConfigurationPlatforms) = postSolution
		{91592E54-F4D5-40D9-84F9-2A8610CBD20E}.Debug|Any CPU.ActiveCfg = Debug|Any CPU
		{91592E54-F4D5-40D9-84F9-2A8610CBD20E}.Debug|Any CPU.Build.0 = Debug|Any CPU
		{91592E54-F4D5-40D9-84F9-2A8610CBD20E}.Release|Any CPU.ActiveCfg = Release|Any CPU
		{91592E54-F4D5-40D9-84F9-2A8610CBD20E}.Release|Any CPU.Build.0 = Release|Any CPU
	EndGlobalSection
	GlobalSection(SolutionProperties) = preSolution
		HideSolutionNode = FALSE
	EndGlobalSection
	GlobalSection(ExtensibilityGlobals) = postSolution
		SolutionGuid = {14E0CA68-964A-4CBC-ADEC-C15B6E2BF6DF}
	EndGlobalSection
EndGlobal
