
Microsoft Visual Studio Solution File, Format Version 12.00
# Visual Studio Version 16
VisualStudioVersion = 16.0.30611.23
MinimumVisualStudioVersion = 10.0.40219.1
Project("{FAE04EC0-301F-11D3-BF4B-00C04F79EFBC}") = "UniformGrid", "UniformGrid.csproj", "{8F17BE88-0C05-475B-A59B-43D5E81ECFC0}"
EndProject
Global
	GlobalSection(SolutionConfigurationPlatforms) = preSolution
		Debug|Any CPU = Debug|Any CPU
		Release|Any CPU = Release|Any CPU
	EndGlobalSection
	GlobalSection(ProjectConfigurationPlatforms) = postSolution
		{8F17BE88-0C05-475B-A59B-43D5E81ECFC0}.Debug|Any CPU.ActiveCfg = Debug|Any CPU
		{8F17BE88-0C05-475B-A59B-43D5E81ECFC0}.Debug|Any CPU.Build.0 = Debug|Any CPU
		{8F17BE88-0C05-475B-A59B-43D5E81ECFC0}.Release|Any CPU.ActiveCfg = Release|Any CPU
		{8F17BE88-0C05-475B-A59B-43D5E81ECFC0}.Release|Any CPU.Build.0 = Release|Any CPU
	EndGlobalSection
	GlobalSection(SolutionProperties) = preSolution
		HideSolutionNode = FALSE
	EndGlobalSection
	GlobalSection(ExtensibilityGlobals) = postSolution
		SolutionGuid = {A8815811-FC9A-46DE-9FE2-D054837B38DB}
	EndGlobalSection
EndGlobal
