
Microsoft Visual Studio Solution File, Format Version 12.00
# Visual Studio Version 16
VisualStudioVersion = 16.0.30611.23
MinimumVisualStudioVersion = 10.0.40219.1
Project("{FAE04EC0-301F-11D3-BF4B-00C04F79EFBC}") = "DockPanel", "DockPanel.csproj", "{470111CA-9B40-4F44-9D94-7186551E6069}"
EndProject
Global
	GlobalSection(SolutionConfigurationPlatforms) = preSolution
		Debug|Any CPU = Debug|Any CPU
		Release|Any CPU = Release|Any CPU
	EndGlobalSection
	GlobalSection(ProjectConfigurationPlatforms) = postSolution
		{470111CA-9B40-4F44-9D94-7186551E6069}.Debug|Any CPU.ActiveCfg = Debug|Any CPU
		{470111CA-9B40-4F44-9D94-7186551E6069}.Debug|Any CPU.Build.0 = Debug|Any CPU
		{470111CA-9B40-4F44-9D94-7186551E6069}.Release|Any CPU.ActiveCfg = Release|Any CPU
		{470111CA-9B40-4F44-9D94-7186551E6069}.Release|Any CPU.Build.0 = Release|Any CPU
	EndGlobalSection
	GlobalSection(SolutionProperties) = preSolution
		HideSolutionNode = FALSE
	EndGlobalSection
	GlobalSection(ExtensibilityGlobals) = postSolution
		SolutionGuid = {E909E66D-9E8D-4EA9-A5A4-9CF89095DFE9}
	EndGlobalSection
EndGlobal
