
Microsoft Visual Studio Solution File, Format Version 12.00
# Visual Studio Version 16
VisualStudioVersion = 16.0.30611.23
MinimumVisualStudioVersion = 10.0.40219.1
Project("{FAE04EC0-301F-11D3-BF4B-00C04F79EFBC}") = "MinMax_WidthHeight", "MinMax_WidthHeight.csproj", "{8102E0A5-8BEC-451E-B026-96A6191553FE}"
EndProject
Global
	GlobalSection(SolutionConfigurationPlatforms) = preSolution
		Debug|Any CPU = Debug|Any CPU
		Release|Any CPU = Release|Any CPU
	EndGlobalSection
	GlobalSection(ProjectConfigurationPlatforms) = postSolution
		{8102E0A5-8BEC-451E-B026-96A6191553FE}.Debug|Any CPU.ActiveCfg = Debug|Any CPU
		{8102E0A5-8BEC-451E-B026-96A6191553FE}.Debug|Any CPU.Build.0 = Debug|Any CPU
		{8102E0A5-8BEC-451E-B026-96A6191553FE}.Release|Any CPU.ActiveCfg = Release|Any CPU
		{8102E0A5-8BEC-451E-B026-96A6191553FE}.Release|Any CPU.Build.0 = Release|Any CPU
	EndGlobalSection
	GlobalSection(SolutionProperties) = preSolution
		HideSolutionNode = FALSE
	EndGlobalSection
	GlobalSection(ExtensibilityGlobals) = postSolution
		SolutionGuid = {5F9D51A5-3903-444A-93D1-AFB61DFCA2F2}
	EndGlobalSection
EndGlobal
