
Microsoft Visual Studio Solution File, Format Version 12.00
# Visual Studio Version 16
VisualStudioVersion = 16.0.30611.23
MinimumVisualStudioVersion = 10.0.40219.1
Project("{FAE04EC0-301F-11D3-BF4B-00C04F79EFBC}") = "LayoutRounding", "LayoutRounding.csproj", "{BE5078F1-84E9-4776-9324-264F82819D65}"
EndProject
Global
	GlobalSection(SolutionConfigurationPlatforms) = preSolution
		Debug|Any CPU = Debug|Any CPU
		Release|Any CPU = Release|Any CPU
	EndGlobalSection
	GlobalSection(ProjectConfigurationPlatforms) = postSolution
		{BE5078F1-84E9-4776-9324-264F82819D65}.Debug|Any CPU.ActiveCfg = Debug|Any CPU
		{BE5078F1-84E9-4776-9324-264F82819D65}.Debug|Any CPU.Build.0 = Debug|Any CPU
		{BE5078F1-84E9-4776-9324-264F82819D65}.Release|Any CPU.ActiveCfg = Release|Any CPU
		{BE5078F1-84E9-4776-9324-264F82819D65}.Release|Any CPU.Build.0 = Release|Any CPU
	EndGlobalSection
	GlobalSection(SolutionProperties) = preSolution
		HideSolutionNode = FALSE
	EndGlobalSection
	GlobalSection(ExtensibilityGlobals) = postSolution
		SolutionGuid = {D963E1D9-ED53-4702-9845-6848971DF995}
	EndGlobalSection
EndGlobal
